
Microsoft Visual Studio Solution File, Format Version 12.00
# Visual Studio Version 17
VisualStudioVersion = 17.7.34018.315
MinimumVisualStudioVersion = 10.0.40219.1
Project("{FAE04EC0-301F-11D3-BF4B-00C04F79EFBC}") = "OOP övning 4", "OOP övning 4\OOP övning 4.csproj", "{48F2C0E3-2AEF-43EE-A5B7-D0101462FA33}"
EndProject
Global
	GlobalSection(SolutionConfigurationPlatforms) = preSolution
		Debug|Any CPU = Debug|Any CPU
		Release|Any CPU = Release|Any CPU
	EndGlobalSection
	GlobalSection(ProjectConfigurationPlatforms) = postSolution
		{48F2C0E3-2AEF-43EE-A5B7-D0101462FA33}.Debug|Any CPU.ActiveCfg = Debug|Any CPU
		{48F2C0E3-2AEF-43EE-A5B7-D0101462FA33}.Debug|Any CPU.Build.0 = Debug|Any CPU
		{48F2C0E3-2AEF-43EE-A5B7-D0101462FA33}.Release|Any CPU.ActiveCfg = Release|Any CPU
		{48F2C0E3-2AEF-43EE-A5B7-D0101462FA33}.Release|Any CPU.Build.0 = Release|Any CPU
	EndGlobalSection
	GlobalSection(SolutionProperties) = preSolution
		HideSolutionNode = FALSE
	EndGlobalSection
	GlobalSection(ExtensibilityGlobals) = postSolution
		SolutionGuid = {3C8676ED-4472-4E4E-A817-626C34043220}
	EndGlobalSection
EndGlobal
